
Microsoft Visual Studio Solution File, Format Version 12.00
# Visual Studio Version 17
VisualStudioVersion = 17.4.33103.184
MinimumVisualStudioVersion = 10.0.40219.1
Project("{888888A0-9F3D-457C-B088-3A5042F75D52}") = "graficammm", "graficammm\graficammm.pyproj", "{DA0AF2D7-66AE-46A2-AFD0-2794B3EC41B1}"
EndProject
Global
	GlobalSection(SolutionConfigurationPlatforms) = preSolution
		Debug|Any CPU = Debug|Any CPU
		Release|Any CPU = Release|Any CPU
	EndGlobalSection
	GlobalSection(ProjectConfigurationPlatforms) = postSolution
		{DA0AF2D7-66AE-46A2-AFD0-2794B3EC41B1}.Debug|Any CPU.ActiveCfg = Debug|Any CPU
		{DA0AF2D7-66AE-46A2-AFD0-2794B3EC41B1}.Release|Any CPU.ActiveCfg = Release|Any CPU
	EndGlobalSection
	GlobalSection(SolutionProperties) = preSolution
		HideSolutionNode = FALSE
	EndGlobalSection
	GlobalSection(ExtensibilityGlobals) = postSolution
		SolutionGuid = {53E1B3E0-E979-4C2C-A372-793A3FC83AB0}
	EndGlobalSection
EndGlobal
